
Microsoft Visual Studio Solution File, Format Version 12.00
# Visual Studio 14
VisualStudioVersion = 14.0.25420.1
MinimumVisualStudioVersion = 10.0.40219.1
Project("{FAE04EC0-301F-11D3-BF4B-00C04F79EFBC}") = "Ingenta.Test", "Ingenta.Test\Ingenta.Test.csproj", "{6C5934D7-0DC5-452D-B4FC-76D37AF017C8}"
EndProject
Project("{FAE04EC0-301F-11D3-BF4B-00C04F79EFBC}") = "Ingenta.Framework", "Ingenta.Framework\Ingenta.Framework.csproj", "{CFB4A543-C559-4252-B2CD-6A18B96B54D5}"
EndProject
Project("{2150E333-8FDC-42A3-9474-1A3956D46DE8}") = "Solution Items", "Solution Items", "{5D71ED99-12D5-4691-A40A-0F92A1749C94}"
EndProject
Global
	GlobalSection(SolutionConfigurationPlatforms) = preSolution
		Debug|Any CPU = Debug|Any CPU
		Debug|x86 = Debug|x86
		Release|Any CPU = Release|Any CPU
		Release|x86 = Release|x86
	EndGlobalSection
	GlobalSection(ProjectConfigurationPlatforms) = postSolution
		{6C5934D7-0DC5-452D-B4FC-76D37AF017C8}.Debug|Any CPU.ActiveCfg = Debug|Any CPU
		{6C5934D7-0DC5-452D-B4FC-76D37AF017C8}.Debug|Any CPU.Build.0 = Debug|Any CPU
		{6C5934D7-0DC5-452D-B4FC-76D37AF017C8}.Debug|x86.ActiveCfg = Debug|x86
		{6C5934D7-0DC5-452D-B4FC-76D37AF017C8}.Debug|x86.Build.0 = Debug|x86
		{6C5934D7-0DC5-452D-B4FC-76D37AF017C8}.Release|Any CPU.ActiveCfg = Release|Any CPU
		{6C5934D7-0DC5-452D-B4FC-76D37AF017C8}.Release|Any CPU.Build.0 = Release|Any CPU
		{6C5934D7-0DC5-452D-B4FC-76D37AF017C8}.Release|x86.ActiveCfg = Release|x86
		{6C5934D7-0DC5-452D-B4FC-76D37AF017C8}.Release|x86.Build.0 = Release|x86
		{CFB4A543-C559-4252-B2CD-6A18B96B54D5}.Debug|Any CPU.ActiveCfg = Debug|Any CPU
		{CFB4A543-C559-4252-B2CD-6A18B96B54D5}.Debug|Any CPU.Build.0 = Debug|Any CPU
		{CFB4A543-C559-4252-B2CD-6A18B96B54D5}.Debug|x86.ActiveCfg = Debug|x86
		{CFB4A543-C559-4252-B2CD-6A18B96B54D5}.Debug|x86.Build.0 = Debug|x86
		{CFB4A543-C559-4252-B2CD-6A18B96B54D5}.Release|Any CPU.ActiveCfg = Release|Any CPU
		{CFB4A543-C559-4252-B2CD-6A18B96B54D5}.Release|Any CPU.Build.0 = Release|Any CPU
		{CFB4A543-C559-4252-B2CD-6A18B96B54D5}.Release|x86.ActiveCfg = Release|x86
		{CFB4A543-C559-4252-B2CD-6A18B96B54D5}.Release|x86.Build.0 = Release|x86
	EndGlobalSection
	GlobalSection(SolutionProperties) = preSolution
		HideSolutionNode = FALSE
	EndGlobalSection
EndGlobal
